
Microsoft Visual Studio Solution File, Format Version 12.00
# Visual Studio Version 16
VisualStudioVersion = 16.0.30114.105
MinimumVisualStudioVersion = 10.0.40219.1
Project("{FAE04EC0-301F-11D3-BF4B-00C04F79EFBC}") = "R5T.Tools.SVN", "R5T.Tools.SVN\R5T.Tools.SVN.csproj", "{F255325A-23FC-463B-8C0F-AC7BFD9FB5D1}"
EndProject
Project("{FAE04EC0-301F-11D3-BF4B-00C04F79EFBC}") = "R5T.Tools.SVN_NuGet", "R5T.Tools.SVN\R5T.Tools.SVN_NuGet.csproj", "{74F2825A-165B-4828-9A47-A96302FD8FF9}"
EndProject
Project("{FAE04EC0-301F-11D3-BF4B-00C04F79EFBC}") = "R5T.Tools.SVN.Construction", "R5T.Tools.SVN.Construction\R5T.Tools.SVN.Construction.csproj", "{5A22AD01-EE08-4B21-BF06-0DBB57E189BB}"
EndProject
Project("{FAE04EC0-301F-11D3-BF4B-00C04F79EFBC}") = "R5T.Tools.SVN.Testing", "R5T.Tools.SVN.Testing\R5T.Tools.SVN.Testing.csproj", "{4CC8EE6B-FE0F-461C-B35F-0EB670B7C030}"
EndProject
Global
	GlobalSection(SolutionConfigurationPlatforms) = preSolution
		Debug|Any CPU = Debug|Any CPU
		Debug|x64 = Debug|x64
		Debug|x86 = Debug|x86
		Release|Any CPU = Release|Any CPU
		Release|x64 = Release|x64
		Release|x86 = Release|x86
	EndGlobalSection
	GlobalSection(SolutionProperties) = preSolution
		HideSolutionNode = FALSE
	EndGlobalSection
	GlobalSection(ProjectConfigurationPlatforms) = postSolution
		{F255325A-23FC-463B-8C0F-AC7BFD9FB5D1}.Debug|Any CPU.ActiveCfg = Debug|Any CPU
		{F255325A-23FC-463B-8C0F-AC7BFD9FB5D1}.Debug|Any CPU.Build.0 = Debug|Any CPU
		{F255325A-23FC-463B-8C0F-AC7BFD9FB5D1}.Debug|x64.ActiveCfg = Debug|Any CPU
		{F255325A-23FC-463B-8C0F-AC7BFD9FB5D1}.Debug|x64.Build.0 = Debug|Any CPU
		{F255325A-23FC-463B-8C0F-AC7BFD9FB5D1}.Debug|x86.ActiveCfg = Debug|Any CPU
		{F255325A-23FC-463B-8C0F-AC7BFD9FB5D1}.Debug|x86.Build.0 = Debug|Any CPU
		{F255325A-23FC-463B-8C0F-AC7BFD9FB5D1}.Release|Any CPU.ActiveCfg = Release|Any CPU
		{F255325A-23FC-463B-8C0F-AC7BFD9FB5D1}.Release|Any CPU.Build.0 = Release|Any CPU
		{F255325A-23FC-463B-8C0F-AC7BFD9FB5D1}.Release|x64.ActiveCfg = Release|Any CPU
		{F255325A-23FC-463B-8C0F-AC7BFD9FB5D1}.Release|x64.Build.0 = Release|Any CPU
		{F255325A-23FC-463B-8C0F-AC7BFD9FB5D1}.Release|x86.ActiveCfg = Release|Any CPU
		{F255325A-23FC-463B-8C0F-AC7BFD9FB5D1}.Release|x86.Build.0 = Release|Any CPU
		{74F2825A-165B-4828-9A47-A96302FD8FF9}.Debug|Any CPU.ActiveCfg = Debug|Any CPU
		{74F2825A-165B-4828-9A47-A96302FD8FF9}.Debug|Any CPU.Build.0 = Debug|Any CPU
		{74F2825A-165B-4828-9A47-A96302FD8FF9}.Debug|x64.ActiveCfg = Debug|Any CPU
		{74F2825A-165B-4828-9A47-A96302FD8FF9}.Debug|x64.Build.0 = Debug|Any CPU
		{74F2825A-165B-4828-9A47-A96302FD8FF9}.Debug|x86.ActiveCfg = Debug|Any CPU
		{74F2825A-165B-4828-9A47-A96302FD8FF9}.Debug|x86.Build.0 = Debug|Any CPU
		{74F2825A-165B-4828-9A47-A96302FD8FF9}.Release|Any CPU.ActiveCfg = Release|Any CPU
		{74F2825A-165B-4828-9A47-A96302FD8FF9}.Release|Any CPU.Build.0 = Release|Any CPU
		{74F2825A-165B-4828-9A47-A96302FD8FF9}.Release|x64.ActiveCfg = Release|Any CPU
		{74F2825A-165B-4828-9A47-A96302FD8FF9}.Release|x64.Build.0 = Release|Any CPU
		{74F2825A-165B-4828-9A47-A96302FD8FF9}.Release|x86.ActiveCfg = Release|Any CPU
		{74F2825A-165B-4828-9A47-A96302FD8FF9}.Release|x86.Build.0 = Release|Any CPU
		{5A22AD01-EE08-4B21-BF06-0DBB57E189BB}.Debug|Any CPU.ActiveCfg = Debug|Any CPU
		{5A22AD01-EE08-4B21-BF06-0DBB57E189BB}.Debug|Any CPU.Build.0 = Debug|Any CPU
		{5A22AD01-EE08-4B21-BF06-0DBB57E189BB}.Debug|x64.ActiveCfg = Debug|Any CPU
		{5A22AD01-EE08-4B21-BF06-0DBB57E189BB}.Debug|x64.Build.0 = Debug|Any CPU
		{5A22AD01-EE08-4B21-BF06-0DBB57E189BB}.Debug|x86.ActiveCfg = Debug|Any CPU
		{5A22AD01-EE08-4B21-BF06-0DBB57E189BB}.Debug|x86.Build.0 = Debug|Any CPU
		{5A22AD01-EE08-4B21-BF06-0DBB57E189BB}.Release|Any CPU.ActiveCfg = Release|Any CPU
		{5A22AD01-EE08-4B21-BF06-0DBB57E189BB}.Release|Any CPU.Build.0 = Release|Any CPU
		{5A22AD01-EE08-4B21-BF06-0DBB57E189BB}.Release|x64.ActiveCfg = Release|Any CPU
		{5A22AD01-EE08-4B21-BF06-0DBB57E189BB}.Release|x64.Build.0 = Release|Any CPU
		{5A22AD01-EE08-4B21-BF06-0DBB57E189BB}.Release|x86.ActiveCfg = Release|Any CPU
		{5A22AD01-EE08-4B21-BF06-0DBB57E189BB}.Release|x86.Build.0 = Release|Any CPU
		{4CC8EE6B-FE0F-461C-B35F-0EB670B7C030}.Debug|Any CPU.ActiveCfg = Debug|Any CPU
		{4CC8EE6B-FE0F-461C-B35F-0EB670B7C030}.Debug|Any CPU.Build.0 = Debug|Any CPU
		{4CC8EE6B-FE0F-461C-B35F-0EB670B7C030}.Debug|x64.ActiveCfg = Debug|Any CPU
		{4CC8EE6B-FE0F-461C-B35F-0EB670B7C030}.Debug|x64.Build.0 = Debug|Any CPU
		{4CC8EE6B-FE0F-461C-B35F-0EB670B7C030}.Debug|x86.ActiveCfg = Debug|Any CPU
		{4CC8EE6B-FE0F-461C-B35F-0EB670B7C030}.Debug|x86.Build.0 = Debug|Any CPU
		{4CC8EE6B-FE0F-461C-B35F-0EB670B7C030}.Release|Any CPU.ActiveCfg = Release|Any CPU
		{4CC8EE6B-FE0F-461C-B35F-0EB670B7C030}.Release|Any CPU.Build.0 = Release|Any CPU
		{4CC8EE6B-FE0F-461C-B35F-0EB670B7C030}.Release|x64.ActiveCfg = Release|Any CPU
		{4CC8EE6B-FE0F-461C-B35F-0EB670B7C030}.Release|x64.Build.0 = Release|Any CPU
		{4CC8EE6B-FE0F-461C-B35F-0EB670B7C030}.Release|x86.ActiveCfg = Release|Any CPU
		{4CC8EE6B-FE0F-461C-B35F-0EB670B7C030}.Release|x86.Build.0 = Release|Any CPU
	EndGlobalSection
EndGlobal
