
Microsoft Visual Studio Solution File, Format Version 12.00
# Visual Studio Version 17
VisualStudioVersion = 17.2.32630.192
MinimumVisualStudioVersion = 10.0.40219.1
Project("{9A19103F-16F7-4668-BE54-9A1E7A4F7556}") = "R5T.Tools.SVN.Construction", "R5T.Tools.SVN.Construction\R5T.Tools.SVN.Construction.csproj", "{D8DFA165-7B4C-4CC9-9A01-727644105FD7}"
EndProject
Project("{9A19103F-16F7-4668-BE54-9A1E7A4F7556}") = "R5T.Tools.SVN", "R5T.Tools.SVN\R5T.Tools.SVN.csproj", "{4FEA1DFD-6618-4638-A652-6224B5D65063}"
EndProject
Project("{9A19103F-16F7-4668-BE54-9A1E7A4F7556}") = "R5T.Tools.SVN.Testing", "R5T.Tools.SVN.Testing\R5T.Tools.SVN.Testing.csproj", "{5339DF76-E70D-4774-A66B-C5A3D44379A5}"
EndProject
Project("{2150E333-8FDC-42A3-9474-1A3956D46DE8}") = "_Dependencies", "_Dependencies", "{B738B725-0D6E-4385-87D7-EF7A6024AED4}"
EndProject
Project("{9A19103F-16F7-4668-BE54-9A1E7A4F7556}") = "R5T.Neapolis", "..\..\R5T.Neapolis\source\R5T.Neapolis\R5T.Neapolis.csproj", "{31C19BE7-6CBC-4C9B-9CF1-FFB7EDAA4117}"
EndProject
Project("{9A19103F-16F7-4668-BE54-9A1E7A4F7556}") = "R5T.Neapolis.Core", "..\..\R5T.Neapolis.Core\source\R5T.Neapolis.Core\R5T.Neapolis.Core.csproj", "{B600D358-C6B0-442D-B48A-0594FE0B25A9}"
EndProject
Project("{9A19103F-16F7-4668-BE54-9A1E7A4F7556}") = "R5T.NetStandard.TypedString", "..\..\R5T.NetStandard.TypedString\source\R5T.NetStandard.TypedString\R5T.NetStandard.TypedString.csproj", "{36838CD1-220F-4CA5-9CB9-596A1B56C6A9}"
EndProject
Project("{9A19103F-16F7-4668-BE54-9A1E7A4F7556}") = "R5T.NetStandard.IO.Paths.Types", "..\..\R5T.NetStandard.IO.Paths.Types\source\R5T.NetStandard.IO.Paths.Types\R5T.NetStandard.IO.Paths.Types.csproj", "{09B85F03-3353-4FF4-B41A-4D56F6B76C0A}"
EndProject
Project("{9A19103F-16F7-4668-BE54-9A1E7A4F7556}") = "R5T.NetStandard.Types", "..\..\R5T.NetStandard.Types\source\R5T.NetStandard.Types\R5T.NetStandard.Types.csproj", "{93B9FA13-9CC5-4786-B4EA-7D70829DFE7E}"
EndProject
Project("{9A19103F-16F7-4668-BE54-9A1E7A4F7556}") = "R5T.NetStandard.IO.Serialization", "..\..\R5T.NetStandard.IO.Serialization\source\R5T.NetStandard.IO.Serialization\R5T.NetStandard.IO.Serialization.csproj", "{94F711C5-4DE1-47AD-97F1-453A9B4BF8F2}"
EndProject
Project("{9A19103F-16F7-4668-BE54-9A1E7A4F7556}") = "R5T.NetStandard.IO.Types", "..\..\R5T.NetStandard.IO.Types\source\R5T.NetStandard.IO.Types\R5T.NetStandard.IO.Types.csproj", "{81BF312D-A145-4F35-800B-EBDB75F89462}"
EndProject
Project("{9A19103F-16F7-4668-BE54-9A1E7A4F7556}") = "R5T.NetStandard.Logging.Types", "..\..\R5T.NetStandard.Logging.Types\source\R5T.NetStandard.Logging.Types\R5T.NetStandard.Logging.Types.csproj", "{CC257BBE-0633-4912-A494-C75FE48326F3}"
EndProject
Project("{9A19103F-16F7-4668-BE54-9A1E7A4F7556}") = "R5T.NetStandard.OS", "..\..\R5T.NetStandard.OS\source\R5T.NetStandard.OS\R5T.NetStandard.OS.csproj", "{D5714F3C-15DC-47F4-AFCC-1855D6227CF8}"
EndProject
Project("{9A19103F-16F7-4668-BE54-9A1E7A4F7556}") = "R5T.NetStandard.OS.Types", "..\..\R5T.NetStandard.OS.Types\source\R5T.NetStandard.OS.Types\R5T.NetStandard.OS.Types.csproj", "{41A6CACC-7176-4502-A520-596D7EB224B3}"
EndProject
Project("{9A19103F-16F7-4668-BE54-9A1E7A4F7556}") = "R5T.NetStandard.IO.Paths.Base", "..\..\R5T.NetStandard.IO.Paths.Base\source\R5T.NetStandard.IO.Paths.Base\R5T.NetStandard.IO.Paths.Base.csproj", "{205CFAE2-6FE9-4D48-A6A4-07D370D865FC}"
EndProject
Global
	GlobalSection(NestedProjects) = preSolution
		{31C19BE7-6CBC-4C9B-9CF1-FFB7EDAA4117} = {B738B725-0D6E-4385-87D7-EF7A6024AED4}
		{B600D358-C6B0-442D-B48A-0594FE0B25A9} = {B738B725-0D6E-4385-87D7-EF7A6024AED4}
		{36838CD1-220F-4CA5-9CB9-596A1B56C6A9} = {B738B725-0D6E-4385-87D7-EF7A6024AED4}
		{09B85F03-3353-4FF4-B41A-4D56F6B76C0A} = {B738B725-0D6E-4385-87D7-EF7A6024AED4}
		{93B9FA13-9CC5-4786-B4EA-7D70829DFE7E} = {B738B725-0D6E-4385-87D7-EF7A6024AED4}
		{94F711C5-4DE1-47AD-97F1-453A9B4BF8F2} = {B738B725-0D6E-4385-87D7-EF7A6024AED4}
		{81BF312D-A145-4F35-800B-EBDB75F89462} = {B738B725-0D6E-4385-87D7-EF7A6024AED4}
		{CC257BBE-0633-4912-A494-C75FE48326F3} = {B738B725-0D6E-4385-87D7-EF7A6024AED4}
		{D5714F3C-15DC-47F4-AFCC-1855D6227CF8} = {B738B725-0D6E-4385-87D7-EF7A6024AED4}
		{41A6CACC-7176-4502-A520-596D7EB224B3} = {B738B725-0D6E-4385-87D7-EF7A6024AED4}
		{205CFAE2-6FE9-4D48-A6A4-07D370D865FC} = {B738B725-0D6E-4385-87D7-EF7A6024AED4}
	EndGlobalSection
	GlobalSection(SolutionConfigurationPlatforms) = preSolution
		Debug|Any CPU = Debug|Any CPU
		Debug|x64 = Debug|x64
		Debug|x86 = Debug|x86
		Release|Any CPU = Release|Any CPU
		Release|x64 = Release|x64
		Release|x86 = Release|x86
	EndGlobalSection
	GlobalSection(ProjectConfigurationPlatforms) = postSolution
		{D8DFA165-7B4C-4CC9-9A01-727644105FD7}.Debug|Any CPU.ActiveCfg = Debug|Any CPU
		{D8DFA165-7B4C-4CC9-9A01-727644105FD7}.Debug|Any CPU.Build.0 = Debug|Any CPU
		{D8DFA165-7B4C-4CC9-9A01-727644105FD7}.Debug|x64.ActiveCfg = Debug|Any CPU
		{D8DFA165-7B4C-4CC9-9A01-727644105FD7}.Debug|x64.Build.0 = Debug|Any CPU
		{D8DFA165-7B4C-4CC9-9A01-727644105FD7}.Debug|x86.ActiveCfg = Debug|Any CPU
		{D8DFA165-7B4C-4CC9-9A01-727644105FD7}.Debug|x86.Build.0 = Debug|Any CPU
		{D8DFA165-7B4C-4CC9-9A01-727644105FD7}.Release|Any CPU.ActiveCfg = Release|Any CPU
		{D8DFA165-7B4C-4CC9-9A01-727644105FD7}.Release|Any CPU.Build.0 = Release|Any CPU
		{D8DFA165-7B4C-4CC9-9A01-727644105FD7}.Release|x64.ActiveCfg = Release|Any CPU
		{D8DFA165-7B4C-4CC9-9A01-727644105FD7}.Release|x64.Build.0 = Release|Any CPU
		{D8DFA165-7B4C-4CC9-9A01-727644105FD7}.Release|x86.ActiveCfg = Release|Any CPU
		{D8DFA165-7B4C-4CC9-9A01-727644105FD7}.Release|x86.Build.0 = Release|Any CPU
		{4FEA1DFD-6618-4638-A652-6224B5D65063}.Debug|Any CPU.ActiveCfg = Debug|Any CPU
		{4FEA1DFD-6618-4638-A652-6224B5D65063}.Debug|Any CPU.Build.0 = Debug|Any CPU
		{4FEA1DFD-6618-4638-A652-6224B5D65063}.Debug|x64.ActiveCfg = Debug|Any CPU
		{4FEA1DFD-6618-4638-A652-6224B5D65063}.Debug|x64.Build.0 = Debug|Any CPU
		{4FEA1DFD-6618-4638-A652-6224B5D65063}.Debug|x86.ActiveCfg = Debug|Any CPU
		{4FEA1DFD-6618-4638-A652-6224B5D65063}.Debug|x86.Build.0 = Debug|Any CPU
		{4FEA1DFD-6618-4638-A652-6224B5D65063}.Release|Any CPU.ActiveCfg = Release|Any CPU
		{4FEA1DFD-6618-4638-A652-6224B5D65063}.Release|Any CPU.Build.0 = Release|Any CPU
		{4FEA1DFD-6618-4638-A652-6224B5D65063}.Release|x64.ActiveCfg = Release|Any CPU
		{4FEA1DFD-6618-4638-A652-6224B5D65063}.Release|x64.Build.0 = Release|Any CPU
		{4FEA1DFD-6618-4638-A652-6224B5D65063}.Release|x86.ActiveCfg = Release|Any CPU
		{4FEA1DFD-6618-4638-A652-6224B5D65063}.Release|x86.Build.0 = Release|Any CPU
		{5339DF76-E70D-4774-A66B-C5A3D44379A5}.Debug|Any CPU.ActiveCfg = Debug|Any CPU
		{5339DF76-E70D-4774-A66B-C5A3D44379A5}.Debug|Any CPU.Build.0 = Debug|Any CPU
		{5339DF76-E70D-4774-A66B-C5A3D44379A5}.Debug|x64.ActiveCfg = Debug|Any CPU
		{5339DF76-E70D-4774-A66B-C5A3D44379A5}.Debug|x64.Build.0 = Debug|Any CPU
		{5339DF76-E70D-4774-A66B-C5A3D44379A5}.Debug|x86.ActiveCfg = Debug|Any CPU
		{5339DF76-E70D-4774-A66B-C5A3D44379A5}.Debug|x86.Build.0 = Debug|Any CPU
		{5339DF76-E70D-4774-A66B-C5A3D44379A5}.Release|Any CPU.ActiveCfg = Release|Any CPU
		{5339DF76-E70D-4774-A66B-C5A3D44379A5}.Release|Any CPU.Build.0 = Release|Any CPU
		{5339DF76-E70D-4774-A66B-C5A3D44379A5}.Release|x64.ActiveCfg = Release|Any CPU
		{5339DF76-E70D-4774-A66B-C5A3D44379A5}.Release|x64.Build.0 = Release|Any CPU
		{5339DF76-E70D-4774-A66B-C5A3D44379A5}.Release|x86.ActiveCfg = Release|Any CPU
		{5339DF76-E70D-4774-A66B-C5A3D44379A5}.Release|x86.Build.0 = Release|Any CPU
		{31C19BE7-6CBC-4C9B-9CF1-FFB7EDAA4117}.Debug|Any CPU.ActiveCfg = Debug|Any CPU
		{31C19BE7-6CBC-4C9B-9CF1-FFB7EDAA4117}.Debug|Any CPU.Build.0 = Debug|Any CPU
		{31C19BE7-6CBC-4C9B-9CF1-FFB7EDAA4117}.Debug|x64.ActiveCfg = Debug|Any CPU
		{31C19BE7-6CBC-4C9B-9CF1-FFB7EDAA4117}.Debug|x64.Build.0 = Debug|Any CPU
		{31C19BE7-6CBC-4C9B-9CF1-FFB7EDAA4117}.Debug|x86.ActiveCfg = Debug|Any CPU
		{31C19BE7-6CBC-4C9B-9CF1-FFB7EDAA4117}.Debug|x86.Build.0 = Debug|Any CPU
		{31C19BE7-6CBC-4C9B-9CF1-FFB7EDAA4117}.Release|Any CPU.ActiveCfg = Release|Any CPU
		{31C19BE7-6CBC-4C9B-9CF1-FFB7EDAA4117}.Release|Any CPU.Build.0 = Release|Any CPU
		{31C19BE7-6CBC-4C9B-9CF1-FFB7EDAA4117}.Release|x64.ActiveCfg = Release|Any CPU
		{31C19BE7-6CBC-4C9B-9CF1-FFB7EDAA4117}.Release|x64.Build.0 = Release|Any CPU
		{31C19BE7-6CBC-4C9B-9CF1-FFB7EDAA4117}.Release|x86.ActiveCfg = Release|Any CPU
		{31C19BE7-6CBC-4C9B-9CF1-FFB7EDAA4117}.Release|x86.Build.0 = Release|Any CPU
		{B600D358-C6B0-442D-B48A-0594FE0B25A9}.Debug|Any CPU.ActiveCfg = Debug|Any CPU
		{B600D358-C6B0-442D-B48A-0594FE0B25A9}.Debug|Any CPU.Build.0 = Debug|Any CPU
		{B600D358-C6B0-442D-B48A-0594FE0B25A9}.Debug|x64.ActiveCfg = Debug|Any CPU
		{B600D358-C6B0-442D-B48A-0594FE0B25A9}.Debug|x64.Build.0 = Debug|Any CPU
		{B600D358-C6B0-442D-B48A-0594FE0B25A9}.Debug|x86.ActiveCfg = Debug|Any CPU
		{B600D358-C6B0-442D-B48A-0594FE0B25A9}.Debug|x86.Build.0 = Debug|Any CPU
		{B600D358-C6B0-442D-B48A-0594FE0B25A9}.Release|Any CPU.ActiveCfg = Release|Any CPU
		{B600D358-C6B0-442D-B48A-0594FE0B25A9}.Release|Any CPU.Build.0 = Release|Any CPU
		{B600D358-C6B0-442D-B48A-0594FE0B25A9}.Release|x64.ActiveCfg = Release|Any CPU
		{B600D358-C6B0-442D-B48A-0594FE0B25A9}.Release|x64.Build.0 = Release|Any CPU
		{B600D358-C6B0-442D-B48A-0594FE0B25A9}.Release|x86.ActiveCfg = Release|Any CPU
		{B600D358-C6B0-442D-B48A-0594FE0B25A9}.Release|x86.Build.0 = Release|Any CPU
		{36838CD1-220F-4CA5-9CB9-596A1B56C6A9}.Debug|Any CPU.ActiveCfg = Debug|Any CPU
		{36838CD1-220F-4CA5-9CB9-596A1B56C6A9}.Debug|Any CPU.Build.0 = Debug|Any CPU
		{36838CD1-220F-4CA5-9CB9-596A1B56C6A9}.Debug|x64.ActiveCfg = Debug|Any CPU
		{36838CD1-220F-4CA5-9CB9-596A1B56C6A9}.Debug|x64.Build.0 = Debug|Any CPU
		{36838CD1-220F-4CA5-9CB9-596A1B56C6A9}.Debug|x86.ActiveCfg = Debug|Any CPU
		{36838CD1-220F-4CA5-9CB9-596A1B56C6A9}.Debug|x86.Build.0 = Debug|Any CPU
		{36838CD1-220F-4CA5-9CB9-596A1B56C6A9}.Release|Any CPU.ActiveCfg = Release|Any CPU
		{36838CD1-220F-4CA5-9CB9-596A1B56C6A9}.Release|Any CPU.Build.0 = Release|Any CPU
		{36838CD1-220F-4CA5-9CB9-596A1B56C6A9}.Release|x64.ActiveCfg = Release|Any CPU
		{36838CD1-220F-4CA5-9CB9-596A1B56C6A9}.Release|x64.Build.0 = Release|Any CPU
		{36838CD1-220F-4CA5-9CB9-596A1B56C6A9}.Release|x86.ActiveCfg = Release|Any CPU
		{36838CD1-220F-4CA5-9CB9-596A1B56C6A9}.Release|x86.Build.0 = Release|Any CPU
		{09B85F03-3353-4FF4-B41A-4D56F6B76C0A}.Debug|Any CPU.ActiveCfg = Debug|Any CPU
		{09B85F03-3353-4FF4-B41A-4D56F6B76C0A}.Debug|Any CPU.Build.0 = Debug|Any CPU
		{09B85F03-3353-4FF4-B41A-4D56F6B76C0A}.Debug|x64.ActiveCfg = Debug|Any CPU
		{09B85F03-3353-4FF4-B41A-4D56F6B76C0A}.Debug|x64.Build.0 = Debug|Any CPU
		{09B85F03-3353-4FF4-B41A-4D56F6B76C0A}.Debug|x86.ActiveCfg = Debug|Any CPU
		{09B85F03-3353-4FF4-B41A-4D56F6B76C0A}.Debug|x86.Build.0 = Debug|Any CPU
		{09B85F03-3353-4FF4-B41A-4D56F6B76C0A}.Release|Any CPU.ActiveCfg = Release|Any CPU
		{09B85F03-3353-4FF4-B41A-4D56F6B76C0A}.Release|Any CPU.Build.0 = Release|Any CPU
		{09B85F03-3353-4FF4-B41A-4D56F6B76C0A}.Release|x64.ActiveCfg = Release|Any CPU
		{09B85F03-3353-4FF4-B41A-4D56F6B76C0A}.Release|x64.Build.0 = Release|Any CPU
		{09B85F03-3353-4FF4-B41A-4D56F6B76C0A}.Release|x86.ActiveCfg = Release|Any CPU
		{09B85F03-3353-4FF4-B41A-4D56F6B76C0A}.Release|x86.Build.0 = Release|Any CPU
		{93B9FA13-9CC5-4786-B4EA-7D70829DFE7E}.Debug|Any CPU.ActiveCfg = Debug|Any CPU
		{93B9FA13-9CC5-4786-B4EA-7D70829DFE7E}.Debug|Any CPU.Build.0 = Debug|Any CPU
		{93B9FA13-9CC5-4786-B4EA-7D70829DFE7E}.Debug|x64.ActiveCfg = Debug|Any CPU
		{93B9FA13-9CC5-4786-B4EA-7D70829DFE7E}.Debug|x64.Build.0 = Debug|Any CPU
		{93B9FA13-9CC5-4786-B4EA-7D70829DFE7E}.Debug|x86.ActiveCfg = Debug|Any CPU
		{93B9FA13-9CC5-4786-B4EA-7D70829DFE7E}.Debug|x86.Build.0 = Debug|Any CPU
		{93B9FA13-9CC5-4786-B4EA-7D70829DFE7E}.Release|Any CPU.ActiveCfg = Release|Any CPU
		{93B9FA13-9CC5-4786-B4EA-7D70829DFE7E}.Release|Any CPU.Build.0 = Release|Any CPU
		{93B9FA13-9CC5-4786-B4EA-7D70829DFE7E}.Release|x64.ActiveCfg = Release|Any CPU
		{93B9FA13-9CC5-4786-B4EA-7D70829DFE7E}.Release|x64.Build.0 = Release|Any CPU
		{93B9FA13-9CC5-4786-B4EA-7D70829DFE7E}.Release|x86.ActiveCfg = Release|Any CPU
		{93B9FA13-9CC5-4786-B4EA-7D70829DFE7E}.Release|x86.Build.0 = Release|Any CPU
		{94F711C5-4DE1-47AD-97F1-453A9B4BF8F2}.Debug|Any CPU.ActiveCfg = Debug|Any CPU
		{94F711C5-4DE1-47AD-97F1-453A9B4BF8F2}.Debug|Any CPU.Build.0 = Debug|Any CPU
		{94F711C5-4DE1-47AD-97F1-453A9B4BF8F2}.Debug|x64.ActiveCfg = Debug|Any CPU
		{94F711C5-4DE1-47AD-97F1-453A9B4BF8F2}.Debug|x64.Build.0 = Debug|Any CPU
		{94F711C5-4DE1-47AD-97F1-453A9B4BF8F2}.Debug|x86.ActiveCfg = Debug|Any CPU
		{94F711C5-4DE1-47AD-97F1-453A9B4BF8F2}.Debug|x86.Build.0 = Debug|Any CPU
		{94F711C5-4DE1-47AD-97F1-453A9B4BF8F2}.Release|Any CPU.ActiveCfg = Release|Any CPU
		{94F711C5-4DE1-47AD-97F1-453A9B4BF8F2}.Release|Any CPU.Build.0 = Release|Any CPU
		{94F711C5-4DE1-47AD-97F1-453A9B4BF8F2}.Release|x64.ActiveCfg = Release|Any CPU
		{94F711C5-4DE1-47AD-97F1-453A9B4BF8F2}.Release|x64.Build.0 = Release|Any CPU
		{94F711C5-4DE1-47AD-97F1-453A9B4BF8F2}.Release|x86.ActiveCfg = Release|Any CPU
		{94F711C5-4DE1-47AD-97F1-453A9B4BF8F2}.Release|x86.Build.0 = Release|Any CPU
		{81BF312D-A145-4F35-800B-EBDB75F89462}.Debug|Any CPU.ActiveCfg = Debug|Any CPU
		{81BF312D-A145-4F35-800B-EBDB75F89462}.Debug|Any CPU.Build.0 = Debug|Any CPU
		{81BF312D-A145-4F35-800B-EBDB75F89462}.Debug|x64.ActiveCfg = Debug|Any CPU
		{81BF312D-A145-4F35-800B-EBDB75F89462}.Debug|x64.Build.0 = Debug|Any CPU
		{81BF312D-A145-4F35-800B-EBDB75F89462}.Debug|x86.ActiveCfg = Debug|Any CPU
		{81BF312D-A145-4F35-800B-EBDB75F89462}.Debug|x86.Build.0 = Debug|Any CPU
		{81BF312D-A145-4F35-800B-EBDB75F89462}.Release|Any CPU.ActiveCfg = Release|Any CPU
		{81BF312D-A145-4F35-800B-EBDB75F89462}.Release|Any CPU.Build.0 = Release|Any CPU
		{81BF312D-A145-4F35-800B-EBDB75F89462}.Release|x64.ActiveCfg = Release|Any CPU
		{81BF312D-A145-4F35-800B-EBDB75F89462}.Release|x64.Build.0 = Release|Any CPU
		{81BF312D-A145-4F35-800B-EBDB75F89462}.Release|x86.ActiveCfg = Release|Any CPU
		{81BF312D-A145-4F35-800B-EBDB75F89462}.Release|x86.Build.0 = Release|Any CPU
		{CC257BBE-0633-4912-A494-C75FE48326F3}.Debug|Any CPU.ActiveCfg = Debug|Any CPU
		{CC257BBE-0633-4912-A494-C75FE48326F3}.Debug|Any CPU.Build.0 = Debug|Any CPU
		{CC257BBE-0633-4912-A494-C75FE48326F3}.Debug|x64.ActiveCfg = Debug|Any CPU
		{CC257BBE-0633-4912-A494-C75FE48326F3}.Debug|x64.Build.0 = Debug|Any CPU
		{CC257BBE-0633-4912-A494-C75FE48326F3}.Debug|x86.ActiveCfg = Debug|Any CPU
		{CC257BBE-0633-4912-A494-C75FE48326F3}.Debug|x86.Build.0 = Debug|Any CPU
		{CC257BBE-0633-4912-A494-C75FE48326F3}.Release|Any CPU.ActiveCfg = Release|Any CPU
		{CC257BBE-0633-4912-A494-C75FE48326F3}.Release|Any CPU.Build.0 = Release|Any CPU
		{CC257BBE-0633-4912-A494-C75FE48326F3}.Release|x64.ActiveCfg = Release|Any CPU
		{CC257BBE-0633-4912-A494-C75FE48326F3}.Release|x64.Build.0 = Release|Any CPU
		{CC257BBE-0633-4912-A494-C75FE48326F3}.Release|x86.ActiveCfg = Release|Any CPU
		{CC257BBE-0633-4912-A494-C75FE48326F3}.Release|x86.Build.0 = Release|Any CPU
		{D5714F3C-15DC-47F4-AFCC-1855D6227CF8}.Debug|Any CPU.ActiveCfg = Debug|Any CPU
		{D5714F3C-15DC-47F4-AFCC-1855D6227CF8}.Debug|Any CPU.Build.0 = Debug|Any CPU
		{D5714F3C-15DC-47F4-AFCC-1855D6227CF8}.Debug|x64.ActiveCfg = Debug|Any CPU
		{D5714F3C-15DC-47F4-AFCC-1855D6227CF8}.Debug|x64.Build.0 = Debug|Any CPU
		{D5714F3C-15DC-47F4-AFCC-1855D6227CF8}.Debug|x86.ActiveCfg = Debug|Any CPU
		{D5714F3C-15DC-47F4-AFCC-1855D6227CF8}.Debug|x86.Build.0 = Debug|Any CPU
		{D5714F3C-15DC-47F4-AFCC-1855D6227CF8}.Release|Any CPU.ActiveCfg = Release|Any CPU
		{D5714F3C-15DC-47F4-AFCC-1855D6227CF8}.Release|Any CPU.Build.0 = Release|Any CPU
		{D5714F3C-15DC-47F4-AFCC-1855D6227CF8}.Release|x64.ActiveCfg = Release|Any CPU
		{D5714F3C-15DC-47F4-AFCC-1855D6227CF8}.Release|x64.Build.0 = Release|Any CPU
		{D5714F3C-15DC-47F4-AFCC-1855D6227CF8}.Release|x86.ActiveCfg = Release|Any CPU
		{D5714F3C-15DC-47F4-AFCC-1855D6227CF8}.Release|x86.Build.0 = Release|Any CPU
		{41A6CACC-7176-4502-A520-596D7EB224B3}.Debug|Any CPU.ActiveCfg = Debug|Any CPU
		{41A6CACC-7176-4502-A520-596D7EB224B3}.Debug|Any CPU.Build.0 = Debug|Any CPU
		{41A6CACC-7176-4502-A520-596D7EB224B3}.Debug|x64.ActiveCfg = Debug|Any CPU
		{41A6CACC-7176-4502-A520-596D7EB224B3}.Debug|x64.Build.0 = Debug|Any CPU
		{41A6CACC-7176-4502-A520-596D7EB224B3}.Debug|x86.ActiveCfg = Debug|Any CPU
		{41A6CACC-7176-4502-A520-596D7EB224B3}.Debug|x86.Build.0 = Debug|Any CPU
		{41A6CACC-7176-4502-A520-596D7EB224B3}.Release|Any CPU.ActiveCfg = Release|Any CPU
		{41A6CACC-7176-4502-A520-596D7EB224B3}.Release|Any CPU.Build.0 = Release|Any CPU
		{41A6CACC-7176-4502-A520-596D7EB224B3}.Release|x64.ActiveCfg = Release|Any CPU
		{41A6CACC-7176-4502-A520-596D7EB224B3}.Release|x64.Build.0 = Release|Any CPU
		{41A6CACC-7176-4502-A520-596D7EB224B3}.Release|x86.ActiveCfg = Release|Any CPU
		{41A6CACC-7176-4502-A520-596D7EB224B3}.Release|x86.Build.0 = Release|Any CPU
		{205CFAE2-6FE9-4D48-A6A4-07D370D865FC}.Debug|Any CPU.ActiveCfg = Debug|Any CPU
		{205CFAE2-6FE9-4D48-A6A4-07D370D865FC}.Debug|Any CPU.Build.0 = Debug|Any CPU
		{205CFAE2-6FE9-4D48-A6A4-07D370D865FC}.Debug|x64.ActiveCfg = Debug|Any CPU
		{205CFAE2-6FE9-4D48-A6A4-07D370D865FC}.Debug|x64.Build.0 = Debug|Any CPU
		{205CFAE2-6FE9-4D48-A6A4-07D370D865FC}.Debug|x86.ActiveCfg = Debug|Any CPU
		{205CFAE2-6FE9-4D48-A6A4-07D370D865FC}.Debug|x86.Build.0 = Debug|Any CPU
		{205CFAE2-6FE9-4D48-A6A4-07D370D865FC}.Release|Any CPU.ActiveCfg = Release|Any CPU
		{205CFAE2-6FE9-4D48-A6A4-07D370D865FC}.Release|Any CPU.Build.0 = Release|Any CPU
		{205CFAE2-6FE9-4D48-A6A4-07D370D865FC}.Release|x64.ActiveCfg = Release|Any CPU
		{205CFAE2-6FE9-4D48-A6A4-07D370D865FC}.Release|x64.Build.0 = Release|Any CPU
		{205CFAE2-6FE9-4D48-A6A4-07D370D865FC}.Release|x86.ActiveCfg = Release|Any CPU
		{205CFAE2-6FE9-4D48-A6A4-07D370D865FC}.Release|x86.Build.0 = Release|Any CPU
	EndGlobalSection
	GlobalSection(SolutionProperties) = preSolution
		HideSolutionNode = FALSE
	EndGlobalSection
	GlobalSection(ExtensibilityGlobals) = postSolution
		SolutionGuid = {D7D3F635-F6D1-49BB-96F9-496BBED98A7E}
	EndGlobalSection
EndGlobal
